# THIS IS AN AUTOGENERATED FILE. DO NOT EDIT THIS FILE DIRECTLY.
# yarn lockfile v1


"@babel/compat-data@^7.24.7":
  version "7.24.7"
  resolved "https://registry.yarnpkg.com/@babel/compat-data/-/compat-data-7.24.7.tgz#d23bbea508c3883ba8251fb4164982c36ea577ed"
  integrity sha512-qJzAIcv03PyaWqxRgO4mSU3lihncDT296vnyuE2O8uA4w3UHWI4S3hgeZd1L8W1Bft40w9JxJ2b412iDUFFRhw==

"@babel/helper-compilation-targets@^7.10.1":
  version "7.24.7"
  resolved "https://registry.yarnpkg.com/@babel/helper-compilation-targets/-/helper-compilation-targets-7.24.7.tgz#4eb6c4a80d6ffeac25ab8cd9a21b5dfa48d503a9"
  integrity sha512-ctSdRHBi20qWOfy27RUb4Fhp07KSJ3sXcuSvTrXrc4aG8NSYDo1ici3Vhg9bg69y5bj0Mr1lh0aeEgTvc12rMg==
  dependencies:
    "@babel/compat-data" "^7.24.7"
    "@babel/helper-validator-option" "^7.24.7"
    browserslist "^4.22.2"
    lru-cache "^5.1.1"
    semver "^6.3.1"

"@babel/helper-validator-option@^7.24.7":
  version "7.24.7"
  resolved "https://registry.yarnpkg.com/@babel/helper-validator-option/-/helper-validator-option-7.24.7.tgz#24c3bb77c7a425d1742eec8fb433b5a1b38e62f6"
  integrity sha512-yy1/KvjhV/ZCL+SM7hBrvnZJ3ZuT9OuZgIJAGpPEToANvc3iM6iDvBnRjtElWibHU6n8/LPR/EjX9EtIEYO3pw==

browserslist@^4.22.2, browserslist@^4.23.0:
  version "4.23.1"
  resolved "https://registry.yarnpkg.com/browserslist/-/browserslist-4.23.1.tgz#ce4af0534b3d37db5c1a4ca98b9080f985041e96"
  integrity sha512-TUfofFo/KsK/bWZ9TWQ5O26tsWW4Uhmt8IYklbnUa70udB6P2wA7w7o4PY4muaEPBQaAX+CEnmmIA41NVHtPVw==
  dependencies:
    caniuse-lite "^1.0.30001629"
    electron-to-chromium "^1.4.796"
    node-releases "^2.0.14"
    update-browserslist-db "^1.0.16"

caniuse-db@1.0.30001035:
  version "1.0.30001035"
  resolved "https://registry.yarnpkg.com/caniuse-db/-/caniuse-db-1.0.30001035.tgz#3a182cab9d556a4a02d945f1f739e81c18e73bfa"
  integrity sha512-kLUON4XN3tq5Nwl7ZICDw+7/vMynSpRMVYDRkzLL31lgnpa6M2YXYdjst3h+xbzjMgdcveRTnRGE1h/1IcKK6A==

caniuse-lite@^1.0.30001629:
  version "1.0.30001633"
  resolved "https://registry.yarnpkg.com/caniuse-lite/-/caniuse-lite-1.0.30001633.tgz#45a4ade9fb9ec80a06537a6271ac1e0afadcb324"
  integrity sha512-6sT0yf/z5jqf8tISAgpJDrmwOpLsrpnyCdD/lOZKvKkkJK4Dn0X5i7KF7THEZhOq+30bmhwBlNEaqPUiHiKtZg==

electron-to-chromium@1.3.377:
  version "1.3.377"
  resolved "https://registry.yarnpkg.com/electron-to-chromium/-/electron-to-chromium-1.3.377.tgz#b49d420b36ee6c48b0cd3137bfc7fec75f369b2e"
  integrity sha512-cm2WzMKf/3dW5+hNANKm8GAW6SwIWOqLTJ6GPCD0Bbw1qJ9Wzm9nmx9M+byzSsgw8CdCv5fb/wzLFqVS5h6QrA==

electron-to-chromium@^1.4.796:
  version "1.4.802"
  resolved "https://registry.yarnpkg.com/electron-to-chromium/-/electron-to-chromium-1.4.802.tgz#49b397eadc95a49b1ac33eebee146b8e5a93773f"
  integrity sha512-TnTMUATbgNdPXVSHsxvNVSG0uEd6cSZsANjm8c9HbvflZVVn1yTRcmVXYT1Ma95/ssB/Dcd30AHweH2TE+dNpA==

escalade@^3.1.2:
  version "3.1.2"
  resolved "https://registry.yarnpkg.com/escalade/-/escalade-3.1.2.tgz#54076e9ab29ea5bf3d8f1ed62acffbb88272df27"
  integrity sha512-ErCHMCae19vR8vQGe50xIsVomy19rg6gFu3+r3jkEO46suLMWBksvVyoGgQV+jOfl84ZSOSlmv6Gxa89PmTGmA==

invariant@^2.2.4:
  version "2.2.4"
  resolved "https://registry.yarnpkg.com/invariant/-/invariant-2.2.4.tgz#610f3c92c9359ce1db616e538008d23ff35158e6"
  integrity sha512-phJfQVBuaJM5raOpJjSfkiD6BpbCE4Ns//LaXl6wGYtUBY83nWS6Rf9tXm2e8VaK60JEjYldbPif/A2B1C2gNA==
  dependencies:
    loose-envify "^1.0.0"

"js-tokens@^3.0.0 || ^4.0.0":
  version "4.0.0"
  resolved "https://registry.yarnpkg.com/js-tokens/-/js-tokens-4.0.0.tgz#19203fb59991df98e3a287050d4647cdeaf32499"
  integrity sha512-RdJUflcE3cUzKiMqQgsCu06FPu9UdIJO0beYbPhHN4k6apgJtifcoCtT9bcxOpYBtpD2kCM6Sbzg4CausW/PKQ==

lodash@^4.17.15:
  version "4.17.15"
  resolved "https://registry.yarnpkg.com/lodash/-/lodash-4.17.15.tgz#b447f6670a0455bbfeedd11392eff330ea097548"
  integrity sha512-8xOcRHvCjnocdS5cpwXQXVzmmh5e5+saE2QGoeQmbKmRS6J3VQppPOIt0MnmE+4xlZoumy0GPG0D0MVIQbNA1A==

loose-envify@^1.0.0:
  version "1.4.0"
  resolved "https://registry.yarnpkg.com/loose-envify/-/loose-envify-1.4.0.tgz#71ee51fa7be4caec1a63839f7e682d8132d30caf"
  integrity sha512-lyuxPGr/Wfhrlem2CL/UcnUc1zcqKAImBDzukY7Y5F/yQiNdko6+fRLevlw1HgMySw7f611UIY408EtxRSoK3Q==
  dependencies:
    js-tokens "^3.0.0 || ^4.0.0"

lru-cache@^5.1.1:
  version "5.1.1"
  resolved "https://registry.yarnpkg.com/lru-cache/-/lru-cache-5.1.1.tgz#1da27e6710271947695daf6848e847f01d84b920"
  integrity sha512-KpNARQA3Iwv+jTA0utUVVbrh+Jlrr1Fv0e56GGzAFOXN7dk/FviaDW8LHmK52DlcH4WP2n6gI8vN1aesBFgo9w==
  dependencies:
    yallist "^3.0.2"

node-releases@^2.0.14:
  version "2.0.14"
  resolved "https://registry.yarnpkg.com/node-releases/-/node-releases-2.0.14.tgz#2ffb053bceb8b2be8495ece1ab6ce600c4461b0b"
  integrity sha512-y10wOWt8yZpqXmOgRo77WaHEmhYQYGNA6y421PKsKYWEK8aW+cqAphborZDhqfyKrbZEN92CN1X2KbafY2s7Yw==

picocolors@^1.0.1:
  version "1.0.1"
  resolved "https://registry.yarnpkg.com/picocolors/-/picocolors-1.0.1.tgz#a8ad579b571952f0e5d25892de5445bcfe25aaa1"
  integrity sha512-anP1Z8qwhkbmu7MFP5iTt+wQKXgwzf7zTyGlcdzabySa9vd0Xt392U0rVmz9poOaBj0uHJKyyo9/upk0HrEQew==

semver@^5.5.0:
  version "5.7.1"
  resolved "https://registry.yarnpkg.com/semver/-/semver-5.7.1.tgz#a954f931aeba508d307bbf069eff0c01c96116f7"
  integrity sha512-sauaDf/PZdVgrLTNYHRtpXa1iRiKcaebiKQ1BJdpQlWH2lCvexQdX55snPFyK7QzpudqbCI0qXFfOasHdyNDGQ==

semver@^6.3.1:
  version "6.3.1"
  resolved "https://registry.yarnpkg.com/semver/-/semver-6.3.1.tgz#556d2ef8689146e46dcea4bfdd095f3434dffcb4"
  integrity sha512-BR7VvDCVHO+q2xBEWskxS6DJE1qRnb7DxzUrogb71CWoSficBxYsiAGd+Kl0mmq/MprG9yArRkyrQxTO6XjMzA==

update-browserslist-db@^1.0.16:
  version "1.0.16"
  resolved "https://registry.yarnpkg.com/update-browserslist-db/-/update-browserslist-db-1.0.16.tgz#f6d489ed90fb2f07d67784eb3f53d7891f736356"
  integrity sha512-KVbTxlBYlckhF5wgfyZXTWnMn7MMZjMu9XG8bPlliUOP9ThaF4QnhP8qrjrH7DRzHfSk0oQv1wToW+iA5GajEQ==
  dependencies:
    escalade "^3.1.2"
    picocolors "^1.0.1"

yallist@^3.0.2:
  version "3.1.1"
  resolved "https://registry.yarnpkg.com/yallist/-/yallist-3.1.1.tgz#dbb7daf9bfd8bac9ab45ebf602b8cbad0d5d08fd"
  integrity sha512-a4UGQaWPH59mOXUYnAG2ewncQS4i4F43Tv3JoAM+s2VDAmS9NsK8GpDMLrCHPksFT7h3K6TOoUNn2pb7RoXx4g==
